
Microsoft Visual Studio Solution File, Format Version 12.00
# Visual Studio Version 17
VisualStudioVersion = 17.5.33516.290
MinimumVisualStudioVersion = 10.0.40219.1
Project("{8BC9CEB8-8B4A-11D0-8D11-00A0C91BC942}") = "2-1-2", "2-1-2\2-1-2.vcxproj", "{0EC3585B-4069-43D0-BF6C-CE8DBA3F04D7}"
EndProject
Project("{8BC9CEB8-8B4A-11D0-8D11-00A0C91BC942}") = "2-1-3", "2-1-3\2-1-3.vcxproj", "{1C323175-CF95-4870-98D0-C9EF732B300D}"
EndProject
Project("{8BC9CEB8-8B4A-11D0-8D11-00A0C91BC942}") = "2-1-1", "2-1-1\2-1-1.vcxproj", "{674600CB-F55A-40E2-B6AA-7C6927B528DE}"
EndProject
Project("{8BC9CEB8-8B4A-11D0-8D11-00A0C91BC942}") = "7-1", "7-1\7-1.vcxproj", "{9A373CC7-CEA9-45C5-8898-4947E2A37E13}"
EndProject
Project("{8BC9CEB8-8B4A-11D0-8D11-00A0C91BC942}") = "2-2", "2-2\2-2.vcxproj", "{14A54076-895F-4D36-A523-709271B37770}"
EndProject
Project("{8BC9CEB8-8B4A-11D0-8D11-00A0C91BC942}") = "2-3", "2-3\2-3.vcxproj", "{DA4215AB-E42A-4AB4-9355-384F97C842E0}"
EndProject
Project("{8BC9CEB8-8B4A-11D0-8D11-00A0C91BC942}") = "2-4", "2-4\2-4.vcxproj", "{8A7AE4F5-4E32-4390-B4A3-C2CF3EC7618E}"
EndProject
Project("{8BC9CEB8-8B4A-11D0-8D11-00A0C91BC942}") = "8-2", "8-2\8-2.vcxproj", "{6DF9E258-CBA0-47A8-B9B4-342FAEB3F87D}"
EndProject
Project("{8BC9CEB8-8B4A-11D0-8D11-00A0C91BC942}") = "6-6", "6-6\6-6.vcxproj", "{378D3C21-73E5-48F2-AE72-3EAFEEDE408B}"
EndProject
Project("{8BC9CEB8-8B4A-11D0-8D11-00A0C91BC942}") = "6-7", "6-7\6-7.vcxproj", "{E151EF52-38F8-4C74-B6A5-AD9C106DFAA4}"
EndProject
Project("{8BC9CEB8-8B4A-11D0-8D11-00A0C91BC942}") = "5-1", "5-1\5-1.vcxproj", "{5D390DD5-42BE-4FF8-A959-8192216C0F71}"
EndProject
Project("{8BC9CEB8-8B4A-11D0-8D11-00A0C91BC942}") = "5-2", "5-2\5-2.vcxproj", "{38E9E57E-82BF-446A-B4FB-80FC87DF0FE0}"
EndProject
Project("{8BC9CEB8-8B4A-11D0-8D11-00A0C91BC942}") = "5-5", "5-5\5-5.vcxproj", "{EFCE4E11-D8E0-4A37-B4C9-FDC1CEB13AC9}"
EndProject
Project("{8BC9CEB8-8B4A-11D0-8D11-00A0C91BC942}") = "6-1", "6-1\6-1.vcxproj", "{FC5D731D-3256-4002-BF47-E3D3A03E55AB}"
EndProject
Project("{8BC9CEB8-8B4A-11D0-8D11-00A0C91BC942}") = "6-2", "6-2\6-2.vcxproj", "{88A33D88-D0F0-427E-A2F4-B85E4C5CF470}"
EndProject
Project("{8BC9CEB8-8B4A-11D0-8D11-00A0C91BC942}") = "6-5", "6-5\6-5.vcxproj", "{DE8F4D4B-6EE4-469C-A23A-9337C650C83B}"
EndProject
Project("{8BC9CEB8-8B4A-11D0-8D11-00A0C91BC942}") = "2-5", "2-5\2-5.vcxproj", "{47232C5C-9895-4812-AF9C-CDD67CCED7BF}"
EndProject
Project("{8BC9CEB8-8B4A-11D0-8D11-00A0C91BC942}") = "4-1", "4-1\4-1.vcxproj", "{6D10054B-0E66-4DDE-9933-2C5624BDA3EA}"
EndProject
Project("{8BC9CEB8-8B4A-11D0-8D11-00A0C91BC942}") = "5-3", "5-3\5-3.vcxproj", "{CAD7DCCE-E5F3-4D80-B7F3-CD56652AB227}"
EndProject
Project("{8BC9CEB8-8B4A-11D0-8D11-00A0C91BC942}") = "4-6", "4-6\4-6.vcxproj", "{3C6D19EF-8DD7-4E51-8E4B-2E2AA43E3600}"
EndProject
Project("{8BC9CEB8-8B4A-11D0-8D11-00A0C91BC942}") = "4-7", "4-7\4-7.vcxproj", "{F0D647EE-9EBF-42CC-AF92-4772709CBCE8}"
EndProject
Project("{8BC9CEB8-8B4A-11D0-8D11-00A0C91BC942}") = "4-8", "4-8\4-8.vcxproj", "{0196F651-9AB8-474F-98AA-44FFE35D237F}"
EndProject
Project("{8BC9CEB8-8B4A-11D0-8D11-00A0C91BC942}") = "5-4", "5-4\5-4.vcxproj", "{1E32AB8F-243E-43F4-9279-97537F102781}"
EndProject
Project("{8BC9CEB8-8B4A-11D0-8D11-00A0C91BC942}") = "6-3", "6-3\6-3.vcxproj", "{9C86C546-5929-43AC-90B2-3B8C27906EA1}"
EndProject
Project("{8BC9CEB8-8B4A-11D0-8D11-00A0C91BC942}") = "6-4", "6-4\6-4.vcxproj", "{501F5BCA-78BF-41AB-82E7-E093D7894A33}"
EndProject
Project("{8BC9CEB8-8B4A-11D0-8D11-00A0C91BC942}") = "8-1", "8-1\8-1.vcxproj", "{F04FB955-C806-41EF-8F4F-F035ECC04453}"
EndProject
Project("{8BC9CEB8-8B4A-11D0-8D11-00A0C91BC942}") = "3", "3\3.vcxproj", "{647217A0-F14A-4B7E-9C57-5C83B02E7E09}"
EndProject
Global
	GlobalSection(SolutionConfigurationPlatforms) = preSolution
		Debug|x64 = Debug|x64
		Debug|x86 = Debug|x86
		Release|x64 = Release|x64
		Release|x86 = Release|x86
	EndGlobalSection
	GlobalSection(ProjectConfigurationPlatforms) = postSolution
		{0EC3585B-4069-43D0-BF6C-CE8DBA3F04D7}.Debug|x64.ActiveCfg = Debug|x64
		{0EC3585B-4069-43D0-BF6C-CE8DBA3F04D7}.Debug|x64.Build.0 = Debug|x64
		{0EC3585B-4069-43D0-BF6C-CE8DBA3F04D7}.Debug|x86.ActiveCfg = Debug|Win32
		{0EC3585B-4069-43D0-BF6C-CE8DBA3F04D7}.Debug|x86.Build.0 = Debug|Win32
		{0EC3585B-4069-43D0-BF6C-CE8DBA3F04D7}.Release|x64.ActiveCfg = Release|x64
		{0EC3585B-4069-43D0-BF6C-CE8DBA3F04D7}.Release|x64.Build.0 = Release|x64
		{0EC3585B-4069-43D0-BF6C-CE8DBA3F04D7}.Release|x86.ActiveCfg = Release|Win32
		{0EC3585B-4069-43D0-BF6C-CE8DBA3F04D7}.Release|x86.Build.0 = Release|Win32
		{1C323175-CF95-4870-98D0-C9EF732B300D}.Debug|x64.ActiveCfg = Debug|x64
		{1C323175-CF95-4870-98D0-C9EF732B300D}.Debug|x64.Build.0 = Debug|x64
		{1C323175-CF95-4870-98D0-C9EF732B300D}.Debug|x86.ActiveCfg = Debug|Win32
		{1C323175-CF95-4870-98D0-C9EF732B300D}.Debug|x86.Build.0 = Debug|Win32
		{1C323175-CF95-4870-98D0-C9EF732B300D}.Release|x64.ActiveCfg = Release|x64
		{1C323175-CF95-4870-98D0-C9EF732B300D}.Release|x64.Build.0 = Release|x64
		{1C323175-CF95-4870-98D0-C9EF732B300D}.Release|x86.ActiveCfg = Release|Win32
		{1C323175-CF95-4870-98D0-C9EF732B300D}.Release|x86.Build.0 = Release|Win32
		{674600CB-F55A-40E2-B6AA-7C6927B528DE}.Debug|x64.ActiveCfg = Debug|x64
		{674600CB-F55A-40E2-B6AA-7C6927B528DE}.Debug|x64.Build.0 = Debug|x64
		{674600CB-F55A-40E2-B6AA-7C6927B528DE}.Debug|x86.ActiveCfg = Debug|Win32
		{674600CB-F55A-40E2-B6AA-7C6927B528DE}.Debug|x86.Build.0 = Debug|Win32
		{674600CB-F55A-40E2-B6AA-7C6927B528DE}.Release|x64.ActiveCfg = Release|x64
		{674600CB-F55A-40E2-B6AA-7C6927B528DE}.Release|x64.Build.0 = Release|x64
		{674600CB-F55A-40E2-B6AA-7C6927B528DE}.Release|x86.ActiveCfg = Release|Win32
		{674600CB-F55A-40E2-B6AA-7C6927B528DE}.Release|x86.Build.0 = Release|Win32
		{9A373CC7-CEA9-45C5-8898-4947E2A37E13}.Debug|x64.ActiveCfg = Debug|x64
		{9A373CC7-CEA9-45C5-8898-4947E2A37E13}.Debug|x64.Build.0 = Debug|x64
		{9A373CC7-CEA9-45C5-8898-4947E2A37E13}.Debug|x86.ActiveCfg = Debug|Win32
		{9A373CC7-CEA9-45C5-8898-4947E2A37E13}.Debug|x86.Build.0 = Debug|Win32
		{9A373CC7-CEA9-45C5-8898-4947E2A37E13}.Release|x64.ActiveCfg = Release|x64
		{9A373CC7-CEA9-45C5-8898-4947E2A37E13}.Release|x64.Build.0 = Release|x64
		{9A373CC7-CEA9-45C5-8898-4947E2A37E13}.Release|x86.ActiveCfg = Release|Win32
		{9A373CC7-CEA9-45C5-8898-4947E2A37E13}.Release|x86.Build.0 = Release|Win32
		{14A54076-895F-4D36-A523-709271B37770}.Debug|x64.ActiveCfg = Debug|x64
		{14A54076-895F-4D36-A523-709271B37770}.Debug|x64.Build.0 = Debug|x64
		{14A54076-895F-4D36-A523-709271B37770}.Debug|x86.ActiveCfg = Debug|Win32
		{14A54076-895F-4D36-A523-709271B37770}.Debug|x86.Build.0 = Debug|Win32
		{14A54076-895F-4D36-A523-709271B37770}.Release|x64.ActiveCfg = Release|x64
		{14A54076-895F-4D36-A523-709271B37770}.Release|x64.Build.0 = Release|x64
		{14A54076-895F-4D36-A523-709271B37770}.Release|x86.ActiveCfg = Release|Win32
		{14A54076-895F-4D36-A523-709271B37770}.Release|x86.Build.0 = Release|Win32
		{DA4215AB-E42A-4AB4-9355-384F97C842E0}.Debug|x64.ActiveCfg = Debug|x64
		{DA4215AB-E42A-4AB4-9355-384F97C842E0}.Debug|x64.Build.0 = Debug|x64
		{DA4215AB-E42A-4AB4-9355-384F97C842E0}.Debug|x86.ActiveCfg = Debug|Win32
		{DA4215AB-E42A-4AB4-9355-384F97C842E0}.Debug|x86.Build.0 = Debug|Win32
		{DA4215AB-E42A-4AB4-9355-384F97C842E0}.Release|x64.ActiveCfg = Release|x64
		{DA4215AB-E42A-4AB4-9355-384F97C842E0}.Release|x64.Build.0 = Release|x64
		{DA4215AB-E42A-4AB4-9355-384F97C842E0}.Release|x86.ActiveCfg = Release|Win32
		{DA4215AB-E42A-4AB4-9355-384F97C842E0}.Release|x86.Build.0 = Release|Win32
		{8A7AE4F5-4E32-4390-B4A3-C2CF3EC7618E}.Debug|x64.ActiveCfg = Debug|x64
		{8A7AE4F5-4E32-4390-B4A3-C2CF3EC7618E}.Debug|x64.Build.0 = Debug|x64
		{8A7AE4F5-4E32-4390-B4A3-C2CF3EC7618E}.Debug|x86.ActiveCfg = Debug|Win32
		{8A7AE4F5-4E32-4390-B4A3-C2CF3EC7618E}.Debug|x86.Build.0 = Debug|Win32
		{8A7AE4F5-4E32-4390-B4A3-C2CF3EC7618E}.Release|x64.ActiveCfg = Release|x64
		{8A7AE4F5-4E32-4390-B4A3-C2CF3EC7618E}.Release|x64.Build.0 = Release|x64
		{8A7AE4F5-4E32-4390-B4A3-C2CF3EC7618E}.Release|x86.ActiveCfg = Release|Win32
		{8A7AE4F5-4E32-4390-B4A3-C2CF3EC7618E}.Release|x86.Build.0 = Release|Win32
		{6DF9E258-CBA0-47A8-B9B4-342FAEB3F87D}.Debug|x64.ActiveCfg = Debug|x64
		{6DF9E258-CBA0-47A8-B9B4-342FAEB3F87D}.Debug|x64.Build.0 = Debug|x64
		{6DF9E258-CBA0-47A8-B9B4-342FAEB3F87D}.Debug|x86.ActiveCfg = Debug|Win32
		{6DF9E258-CBA0-47A8-B9B4-342FAEB3F87D}.Debug|x86.Build.0 = Debug|Win32
		{6DF9E258-CBA0-47A8-B9B4-342FAEB3F87D}.Release|x64.ActiveCfg = Release|x64
		{6DF9E258-CBA0-47A8-B9B4-342FAEB3F87D}.Release|x64.Build.0 = Release|x64
		{6DF9E258-CBA0-47A8-B9B4-342FAEB3F87D}.Release|x86.ActiveCfg = Release|Win32
		{6DF9E258-CBA0-47A8-B9B4-342FAEB3F87D}.Release|x86.Build.0 = Release|Win32
		{378D3C21-73E5-48F2-AE72-3EAFEEDE408B}.Debug|x64.ActiveCfg = Debug|x64
		{378D3C21-73E5-48F2-AE72-3EAFEEDE408B}.Debug|x64.Build.0 = Debug|x64
		{378D3C21-73E5-48F2-AE72-3EAFEEDE408B}.Debug|x86.ActiveCfg = Debug|Win32
		{378D3C21-73E5-48F2-AE72-3EAFEEDE408B}.Debug|x86.Build.0 = Debug|Win32
		{378D3C21-73E5-48F2-AE72-3EAFEEDE408B}.Release|x64.ActiveCfg = Release|x64
		{378D3C21-73E5-48F2-AE72-3EAFEEDE408B}.Release|x64.Build.0 = Release|x64
		{378D3C21-73E5-48F2-AE72-3EAFEEDE408B}.Release|x86.ActiveCfg = Release|Win32
		{378D3C21-73E5-48F2-AE72-3EAFEEDE408B}.Release|x86.Build.0 = Release|Win32
		{E151EF52-38F8-4C74-B6A5-AD9C106DFAA4}.Debug|x64.ActiveCfg = Debug|x64
		{E151EF52-38F8-4C74-B6A5-AD9C106DFAA4}.Debug|x64.Build.0 = Debug|x64
		{E151EF52-38F8-4C74-B6A5-AD9C106DFAA4}.Debug|x86.ActiveCfg = Debug|Win32
		{E151EF52-38F8-4C74-B6A5-AD9C106DFAA4}.Debug|x86.Build.0 = Debug|Win32
		{E151EF52-38F8-4C74-B6A5-AD9C106DFAA4}.Release|x64.ActiveCfg = Release|x64
		{E151EF52-38F8-4C74-B6A5-AD9C106DFAA4}.Release|x64.Build.0 = Release|x64
		{E151EF52-38F8-4C74-B6A5-AD9C106DFAA4}.Release|x86.ActiveCfg = Release|Win32
		{E151EF52-38F8-4C74-B6A5-AD9C106DFAA4}.Release|x86.Build.0 = Release|Win32
		{5D390DD5-42BE-4FF8-A959-8192216C0F71}.Debug|x64.ActiveCfg = Debug|x64
		{5D390DD5-42BE-4FF8-A959-8192216C0F71}.Debug|x64.Build.0 = Debug|x64
		{5D390DD5-42BE-4FF8-A959-8192216C0F71}.Debug|x86.ActiveCfg = Debug|Win32
		{5D390DD5-42BE-4FF8-A959-8192216C0F71}.Debug|x86.Build.0 = Debug|Win32
		{5D390DD5-42BE-4FF8-A959-8192216C0F71}.Release|x64.ActiveCfg = Release|x64
		{5D390DD5-42BE-4FF8-A959-8192216C0F71}.Release|x64.Build.0 = Release|x64
		{5D390DD5-42BE-4FF8-A959-8192216C0F71}.Release|x86.ActiveCfg = Release|Win32
		{5D390DD5-42BE-4FF8-A959-8192216C0F71}.Release|x86.Build.0 = Release|Win32
		{38E9E57E-82BF-446A-B4FB-80FC87DF0FE0}.Debug|x64.ActiveCfg = Debug|x64
		{38E9E57E-82BF-446A-B4FB-80FC87DF0FE0}.Debug|x64.Build.0 = Debug|x64
		{38E9E57E-82BF-446A-B4FB-80FC87DF0FE0}.Debug|x86.ActiveCfg = Debug|Win32
		{38E9E57E-82BF-446A-B4FB-80FC87DF0FE0}.Debug|x86.Build.0 = Debug|Win32
		{38E9E57E-82BF-446A-B4FB-80FC87DF0FE0}.Release|x64.ActiveCfg = Release|x64
		{38E9E57E-82BF-446A-B4FB-80FC87DF0FE0}.Release|x64.Build.0 = Release|x64
		{38E9E57E-82BF-446A-B4FB-80FC87DF0FE0}.Release|x86.ActiveCfg = Release|Win32
		{38E9E57E-82BF-446A-B4FB-80FC87DF0FE0}.Release|x86.Build.0 = Release|Win32
		{EFCE4E11-D8E0-4A37-B4C9-FDC1CEB13AC9}.Debug|x64.ActiveCfg = Debug|x64
		{EFCE4E11-D8E0-4A37-B4C9-FDC1CEB13AC9}.Debug|x64.Build.0 = Debug|x64
		{EFCE4E11-D8E0-4A37-B4C9-FDC1CEB13AC9}.Debug|x86.ActiveCfg = Debug|Win32
		{EFCE4E11-D8E0-4A37-B4C9-FDC1CEB13AC9}.Debug|x86.Build.0 = Debug|Win32
		{EFCE4E11-D8E0-4A37-B4C9-FDC1CEB13AC9}.Release|x64.ActiveCfg = Release|x64
		{EFCE4E11-D8E0-4A37-B4C9-FDC1CEB13AC9}.Release|x64.Build.0 = Release|x64
		{EFCE4E11-D8E0-4A37-B4C9-FDC1CEB13AC9}.Release|x86.ActiveCfg = Release|Win32
		{EFCE4E11-D8E0-4A37-B4C9-FDC1CEB13AC9}.Release|x86.Build.0 = Release|Win32
		{FC5D731D-3256-4002-BF47-E3D3A03E55AB}.Debug|x64.ActiveCfg = Debug|x64
		{FC5D731D-3256-4002-BF47-E3D3A03E55AB}.Debug|x64.Build.0 = Debug|x64
		{FC5D731D-3256-4002-BF47-E3D3A03E55AB}.Debug|x86.ActiveCfg = Debug|Win32
		{FC5D731D-3256-4002-BF47-E3D3A03E55AB}.Debug|x86.Build.0 = Debug|Win32
		{FC5D731D-3256-4002-BF47-E3D3A03E55AB}.Release|x64.ActiveCfg = Release|x64
		{FC5D731D-3256-4002-BF47-E3D3A03E55AB}.Release|x64.Build.0 = Release|x64
		{FC5D731D-3256-4002-BF47-E3D3A03E55AB}.Release|x86.ActiveCfg = Release|Win32
		{FC5D731D-3256-4002-BF47-E3D3A03E55AB}.Release|x86.Build.0 = Release|Win32
		{88A33D88-D0F0-427E-A2F4-B85E4C5CF470}.Debug|x64.ActiveCfg = Debug|x64
		{88A33D88-D0F0-427E-A2F4-B85E4C5CF470}.Debug|x64.Build.0 = Debug|x64
		{88A33D88-D0F0-427E-A2F4-B85E4C5CF470}.Debug|x86.ActiveCfg = Debug|Win32
		{88A33D88-D0F0-427E-A2F4-B85E4C5CF470}.Debug|x86.Build.0 = Debug|Win32
		{88A33D88-D0F0-427E-A2F4-B85E4C5CF470}.Release|x64.ActiveCfg = Release|x64
		{88A33D88-D0F0-427E-A2F4-B85E4C5CF470}.Release|x64.Build.0 = Release|x64
		{88A33D88-D0F0-427E-A2F4-B85E4C5CF470}.Release|x86.ActiveCfg = Release|Win32
		{88A33D88-D0F0-427E-A2F4-B85E4C5CF470}.Release|x86.Build.0 = Release|Win32
		{DE8F4D4B-6EE4-469C-A23A-9337C650C83B}.Debug|x64.ActiveCfg = Debug|x64
		{DE8F4D4B-6EE4-469C-A23A-9337C650C83B}.Debug|x64.Build.0 = Debug|x64
		{DE8F4D4B-6EE4-469C-A23A-9337C650C83B}.Debug|x86.ActiveCfg = Debug|Win32
		{DE8F4D4B-6EE4-469C-A23A-9337C650C83B}.Debug|x86.Build.0 = Debug|Win32
		{DE8F4D4B-6EE4-469C-A23A-9337C650C83B}.Release|x64.ActiveCfg = Release|x64
		{DE8F4D4B-6EE4-469C-A23A-9337C650C83B}.Release|x64.Build.0 = Release|x64
		{DE8F4D4B-6EE4-469C-A23A-9337C650C83B}.Release|x86.ActiveCfg = Release|Win32
		{DE8F4D4B-6EE4-469C-A23A-9337C650C83B}.Release|x86.Build.0 = Release|Win32
		{47232C5C-9895-4812-AF9C-CDD67CCED7BF}.Debug|x64.ActiveCfg = Debug|x64
		{47232C5C-9895-4812-AF9C-CDD67CCED7BF}.Debug|x64.Build.0 = Debug|x64
		{47232C5C-9895-4812-AF9C-CDD67CCED7BF}.Debug|x86.ActiveCfg = Debug|Win32
		{47232C5C-9895-4812-AF9C-CDD67CCED7BF}.Debug|x86.Build.0 = Debug|Win32
		{47232C5C-9895-4812-AF9C-CDD67CCED7BF}.Release|x64.ActiveCfg = Release|x64
		{47232C5C-9895-4812-AF9C-CDD67CCED7BF}.Release|x64.Build.0 = Release|x64
		{47232C5C-9895-4812-AF9C-CDD67CCED7BF}.Release|x86.ActiveCfg = Release|Win32
		{47232C5C-9895-4812-AF9C-CDD67CCED7BF}.Release|x86.Build.0 = Release|Win32
		{6D10054B-0E66-4DDE-9933-2C5624BDA3EA}.Debug|x64.ActiveCfg = Debug|x64
		{6D10054B-0E66-4DDE-9933-2C5624BDA3EA}.Debug|x64.Build.0 = Debug|x64
		{6D10054B-0E66-4DDE-9933-2C5624BDA3EA}.Debug|x86.ActiveCfg = Debug|Win32
		{6D10054B-0E66-4DDE-9933-2C5624BDA3EA}.Debug|x86.Build.0 = Debug|Win32
		{6D10054B-0E66-4DDE-9933-2C5624BDA3EA}.Release|x64.ActiveCfg = Release|x64
		{6D10054B-0E66-4DDE-9933-2C5624BDA3EA}.Release|x64.Build.0 = Release|x64
		{6D10054B-0E66-4DDE-9933-2C5624BDA3EA}.Release|x86.ActiveCfg = Release|Win32
		{6D10054B-0E66-4DDE-9933-2C5624BDA3EA}.Release|x86.Build.0 = Release|Win32
		{CAD7DCCE-E5F3-4D80-B7F3-CD56652AB227}.Debug|x64.ActiveCfg = Debug|x64
		{CAD7DCCE-E5F3-4D80-B7F3-CD56652AB227}.Debug|x64.Build.0 = Debug|x64
		{CAD7DCCE-E5F3-4D80-B7F3-CD56652AB227}.Debug|x86.ActiveCfg = Debug|Win32
		{CAD7DCCE-E5F3-4D80-B7F3-CD56652AB227}.Debug|x86.Build.0 = Debug|Win32
		{CAD7DCCE-E5F3-4D80-B7F3-CD56652AB227}.Release|x64.ActiveCfg = Release|x64
		{CAD7DCCE-E5F3-4D80-B7F3-CD56652AB227}.Release|x64.Build.0 = Release|x64
		{CAD7DCCE-E5F3-4D80-B7F3-CD56652AB227}.Release|x86.ActiveCfg = Release|Win32
		{CAD7DCCE-E5F3-4D80-B7F3-CD56652AB227}.Release|x86.Build.0 = Release|Win32
		{3C6D19EF-8DD7-4E51-8E4B-2E2AA43E3600}.Debug|x64.ActiveCfg = Debug|x64
		{3C6D19EF-8DD7-4E51-8E4B-2E2AA43E3600}.Debug|x64.Build.0 = Debug|x64
		{3C6D19EF-8DD7-4E51-8E4B-2E2AA43E3600}.Debug|x86.ActiveCfg = Debug|Win32
		{3C6D19EF-8DD7-4E51-8E4B-2E2AA43E3600}.Debug|x86.Build.0 = Debug|Win32
		{3C6D19EF-8DD7-4E51-8E4B-2E2AA43E3600}.Release|x64.ActiveCfg = Release|x64
		{3C6D19EF-8DD7-4E51-8E4B-2E2AA43E3600}.Release|x64.Build.0 = Release|x64
		{3C6D19EF-8DD7-4E51-8E4B-2E2AA43E3600}.Release|x86.ActiveCfg = Release|Win32
		{3C6D19EF-8DD7-4E51-8E4B-2E2AA43E3600}.Release|x86.Build.0 = Release|Win32
		{F0D647EE-9EBF-42CC-AF92-4772709CBCE8}.Debug|x64.ActiveCfg = Debug|x64
		{F0D647EE-9EBF-42CC-AF92-4772709CBCE8}.Debug|x64.Build.0 = Debug|x64
		{F0D647EE-9EBF-42CC-AF92-4772709CBCE8}.Debug|x86.ActiveCfg = Debug|Win32
		{F0D647EE-9EBF-42CC-AF92-4772709CBCE8}.Debug|x86.Build.0 = Debug|Win32
		{F0D647EE-9EBF-42CC-AF92-4772709CBCE8}.Release|x64.ActiveCfg = Release|x64
		{F0D647EE-9EBF-42CC-AF92-4772709CBCE8}.Release|x64.Build.0 = Release|x64
		{F0D647EE-9EBF-42CC-AF92-4772709CBCE8}.Release|x86.ActiveCfg = Release|Win32
		{F0D647EE-9EBF-42CC-AF92-4772709CBCE8}.Release|x86.Build.0 = Release|Win32
		{0196F651-9AB8-474F-98AA-44FFE35D237F}.Debug|x64.ActiveCfg = Debug|x64
		{0196F651-9AB8-474F-98AA-44FFE35D237F}.Debug|x64.Build.0 = Debug|x64
		{0196F651-9AB8-474F-98AA-44FFE35D237F}.Debug|x86.ActiveCfg = Debug|Win32
		{0196F651-9AB8-474F-98AA-44FFE35D237F}.Debug|x86.Build.0 = Debug|Win32
		{0196F651-9AB8-474F-98AA-44FFE35D237F}.Release|x64.ActiveCfg = Release|x64
		{0196F651-9AB8-474F-98AA-44FFE35D237F}.Release|x64.Build.0 = Release|x64
		{0196F651-9AB8-474F-98AA-44FFE35D237F}.Release|x86.ActiveCfg = Release|Win32
		{0196F651-9AB8-474F-98AA-44FFE35D237F}.Release|x86.Build.0 = Release|Win32
		{1E32AB8F-243E-43F4-9279-97537F102781}.Debug|x64.ActiveCfg = Debug|x64
		{1E32AB8F-243E-43F4-9279-97537F102781}.Debug|x64.Build.0 = Debug|x64
		{1E32AB8F-243E-43F4-9279-97537F102781}.Debug|x86.ActiveCfg = Debug|Win32
		{1E32AB8F-243E-43F4-9279-97537F102781}.Debug|x86.Build.0 = Debug|Win32
		{1E32AB8F-243E-43F4-9279-97537F102781}.Release|x64.ActiveCfg = Release|x64
		{1E32AB8F-243E-43F4-9279-97537F102781}.Release|x64.Build.0 = Release|x64
		{1E32AB8F-243E-43F4-9279-97537F102781}.Release|x86.ActiveCfg = Release|Win32
		{1E32AB8F-243E-43F4-9279-97537F102781}.Release|x86.Build.0 = Release|Win32
		{9C86C546-5929-43AC-90B2-3B8C27906EA1}.Debug|x64.ActiveCfg = Debug|x64
		{9C86C546-5929-43AC-90B2-3B8C27906EA1}.Debug|x64.Build.0 = Debug|x64
		{9C86C546-5929-43AC-90B2-3B8C27906EA1}.Debug|x86.ActiveCfg = Debug|Win32
		{9C86C546-5929-43AC-90B2-3B8C27906EA1}.Debug|x86.Build.0 = Debug|Win32
		{9C86C546-5929-43AC-90B2-3B8C27906EA1}.Release|x64.ActiveCfg = Release|x64
		{9C86C546-5929-43AC-90B2-3B8C27906EA1}.Release|x64.Build.0 = Release|x64
		{9C86C546-5929-43AC-90B2-3B8C27906EA1}.Release|x86.ActiveCfg = Release|Win32
		{9C86C546-5929-43AC-90B2-3B8C27906EA1}.Release|x86.Build.0 = Release|Win32
		{501F5BCA-78BF-41AB-82E7-E093D7894A33}.Debug|x64.ActiveCfg = Debug|x64
		{501F5BCA-78BF-41AB-82E7-E093D7894A33}.Debug|x64.Build.0 = Debug|x64
		{501F5BCA-78BF-41AB-82E7-E093D7894A33}.Debug|x86.ActiveCfg = Debug|Win32
		{501F5BCA-78BF-41AB-82E7-E093D7894A33}.Debug|x86.Build.0 = Debug|Win32
		{501F5BCA-78BF-41AB-82E7-E093D7894A33}.Release|x64.ActiveCfg = Release|x64
		{501F5BCA-78BF-41AB-82E7-E093D7894A33}.Release|x64.Build.0 = Release|x64
		{501F5BCA-78BF-41AB-82E7-E093D7894A33}.Release|x86.ActiveCfg = Release|Win32
		{501F5BCA-78BF-41AB-82E7-E093D7894A33}.Release|x86.Build.0 = Release|Win32
		{F04FB955-C806-41EF-8F4F-F035ECC04453}.Debug|x64.ActiveCfg = Debug|x64
		{F04FB955-C806-41EF-8F4F-F035ECC04453}.Debug|x64.Build.0 = Debug|x64
		{F04FB955-C806-41EF-8F4F-F035ECC04453}.Debug|x86.ActiveCfg = Debug|Win32
		{F04FB955-C806-41EF-8F4F-F035ECC04453}.Debug|x86.Build.0 = Debug|Win32
		{F04FB955-C806-41EF-8F4F-F035ECC04453}.Release|x64.ActiveCfg = Release|x64
		{F04FB955-C806-41EF-8F4F-F035ECC04453}.Release|x64.Build.0 = Release|x64
		{F04FB955-C806-41EF-8F4F-F035ECC04453}.Release|x86.ActiveCfg = Release|Win32
		{F04FB955-C806-41EF-8F4F-F035ECC04453}.Release|x86.Build.0 = Release|Win32
		{647217A0-F14A-4B7E-9C57-5C83B02E7E09}.Debug|x64.ActiveCfg = Debug|x64
		{647217A0-F14A-4B7E-9C57-5C83B02E7E09}.Debug|x64.Build.0 = Debug|x64
		{647217A0-F14A-4B7E-9C57-5C83B02E7E09}.Debug|x86.ActiveCfg = Debug|Win32
		{647217A0-F14A-4B7E-9C57-5C83B02E7E09}.Debug|x86.Build.0 = Debug|Win32
		{647217A0-F14A-4B7E-9C57-5C83B02E7E09}.Release|x64.ActiveCfg = Release|x64
		{647217A0-F14A-4B7E-9C57-5C83B02E7E09}.Release|x64.Build.0 = Release|x64
		{647217A0-F14A-4B7E-9C57-5C83B02E7E09}.Release|x86.ActiveCfg = Release|Win32
		{647217A0-F14A-4B7E-9C57-5C83B02E7E09}.Release|x86.Build.0 = Release|Win32
	EndGlobalSection
	GlobalSection(SolutionProperties) = preSolution
		HideSolutionNode = FALSE
	EndGlobalSection
	GlobalSection(ExtensibilityGlobals) = postSolution
		SolutionGuid = {1D9382B3-93AA-4B10-9D62-E3E23B030743}
	EndGlobalSection
EndGlobal
